
Microsoft Visual Studio Solution File, Format Version 12.00
# Visual Studio Version 17
VisualStudioVersion = 17.0.31903.59
MinimumVisualStudioVersion = 10.0.40219.1
Project("{FAE04EC0-301F-11D3-BF4B-00C04F79EFBC}") = "QT1", "QT1\QT1.csproj", "{EFE44679-CFA5-4372-BC1F-59131FBA9FB1}"
EndProject
Project("{FAE04EC0-301F-11D3-BF4B-00C04F79EFBC}") = "QT2", "QT2\QT2.csproj", "{732500DB-DF9B-4FB6-803B-AD5F1E21F6F2}"
EndProject
Project("{FAE04EC0-301F-11D3-BF4B-00C04F79EFBC}") = "QT3", "QT3\QT3.csproj", "{3057F448-7A82-4E44-B923-7096E154B935}"
EndProject
Project("{FAE04EC0-301F-11D3-BF4B-00C04F79EFBC}") = "QT4", "QT4\QT4.csproj", "{E3E8EDCD-105B-4C16-8C3A-960316197587}"
EndProject
Project("{FAE04EC0-301F-11D3-BF4B-00C04F79EFBC}") = "QT5", "QT5\QT5.csproj", "{4599FFCD-F4A0-47AD-99BD-000333649571}"
EndProject
Project("{FAE04EC0-301F-11D3-BF4B-00C04F79EFBC}") = "QT6", "QT6\QT6.csproj", "{DB5F055F-80CF-440F-A7B0-AC10C50170CD}"
EndProject
Project("{FAE04EC0-301F-11D3-BF4B-00C04F79EFBC}") = "QT7", "QT7\QT7.csproj", "{D8293A8C-F061-46F1-A7C4-FAB51EBEF34D}"
EndProject
Project("{FAE04EC0-301F-11D3-BF4B-00C04F79EFBC}") = "QT8", "QT8\QT8.csproj", "{CB0B8042-2E0A-4333-8EB5-8A55142A8BF8}"
EndProject
Project("{FAE04EC0-301F-11D3-BF4B-00C04F79EFBC}") = "QT9", "QT9\QT9.csproj", "{F5A6E0D9-EBF2-4797-91DC-F8C1A785ACEE}"
EndProject
Project("{FAE04EC0-301F-11D3-BF4B-00C04F79EFBC}") = "QT10", "QT10\QT10.csproj", "{CD9FF7DC-C887-4EB3-B159-62BCB8CD6BAA}"
EndProject
Global
	GlobalSection(SolutionConfigurationPlatforms) = preSolution
		Debug|Any CPU = Debug|Any CPU
		Release|Any CPU = Release|Any CPU
	EndGlobalSection
	GlobalSection(SolutionProperties) = preSolution
		HideSolutionNode = FALSE
	EndGlobalSection
	GlobalSection(ProjectConfigurationPlatforms) = postSolution
		{EFE44679-CFA5-4372-BC1F-59131FBA9FB1}.Debug|Any CPU.ActiveCfg = Debug|Any CPU
		{EFE44679-CFA5-4372-BC1F-59131FBA9FB1}.Debug|Any CPU.Build.0 = Debug|Any CPU
		{EFE44679-CFA5-4372-BC1F-59131FBA9FB1}.Release|Any CPU.ActiveCfg = Release|Any CPU
		{EFE44679-CFA5-4372-BC1F-59131FBA9FB1}.Release|Any CPU.Build.0 = Release|Any CPU
		{732500DB-DF9B-4FB6-803B-AD5F1E21F6F2}.Debug|Any CPU.ActiveCfg = Debug|Any CPU
		{732500DB-DF9B-4FB6-803B-AD5F1E21F6F2}.Debug|Any CPU.Build.0 = Debug|Any CPU
		{732500DB-DF9B-4FB6-803B-AD5F1E21F6F2}.Release|Any CPU.ActiveCfg = Release|Any CPU
		{732500DB-DF9B-4FB6-803B-AD5F1E21F6F2}.Release|Any CPU.Build.0 = Release|Any CPU
		{3057F448-7A82-4E44-B923-7096E154B935}.Debug|Any CPU.ActiveCfg = Debug|Any CPU
		{3057F448-7A82-4E44-B923-7096E154B935}.Debug|Any CPU.Build.0 = Debug|Any CPU
		{3057F448-7A82-4E44-B923-7096E154B935}.Release|Any CPU.ActiveCfg = Release|Any CPU
		{3057F448-7A82-4E44-B923-7096E154B935}.Release|Any CPU.Build.0 = Release|Any CPU
		{E3E8EDCD-105B-4C16-8C3A-960316197587}.Debug|Any CPU.ActiveCfg = Debug|Any CPU
		{E3E8EDCD-105B-4C16-8C3A-960316197587}.Debug|Any CPU.Build.0 = Debug|Any CPU
		{E3E8EDCD-105B-4C16-8C3A-960316197587}.Release|Any CPU.ActiveCfg = Release|Any CPU
		{E3E8EDCD-105B-4C16-8C3A-960316197587}.Release|Any CPU.Build.0 = Release|Any CPU
		{4599FFCD-F4A0-47AD-99BD-000333649571}.Debug|Any CPU.ActiveCfg = Debug|Any CPU
		{4599FFCD-F4A0-47AD-99BD-000333649571}.Debug|Any CPU.Build.0 = Debug|Any CPU
		{4599FFCD-F4A0-47AD-99BD-000333649571}.Release|Any CPU.ActiveCfg = Release|Any CPU
		{4599FFCD-F4A0-47AD-99BD-000333649571}.Release|Any CPU.Build.0 = Release|Any CPU
		{DB5F055F-80CF-440F-A7B0-AC10C50170CD}.Debug|Any CPU.ActiveCfg = Debug|Any CPU
		{DB5F055F-80CF-440F-A7B0-AC10C50170CD}.Debug|Any CPU.Build.0 = Debug|Any CPU
		{DB5F055F-80CF-440F-A7B0-AC10C50170CD}.Release|Any CPU.ActiveCfg = Release|Any CPU
		{DB5F055F-80CF-440F-A7B0-AC10C50170CD}.Release|Any CPU.Build.0 = Release|Any CPU
		{D8293A8C-F061-46F1-A7C4-FAB51EBEF34D}.Debug|Any CPU.ActiveCfg = Debug|Any CPU
		{D8293A8C-F061-46F1-A7C4-FAB51EBEF34D}.Debug|Any CPU.Build.0 = Debug|Any CPU
		{D8293A8C-F061-46F1-A7C4-FAB51EBEF34D}.Release|Any CPU.ActiveCfg = Release|Any CPU
		{D8293A8C-F061-46F1-A7C4-FAB51EBEF34D}.Release|Any CPU.Build.0 = Release|Any CPU
		{CB0B8042-2E0A-4333-8EB5-8A55142A8BF8}.Debug|Any CPU.ActiveCfg = Debug|Any CPU
		{CB0B8042-2E0A-4333-8EB5-8A55142A8BF8}.Debug|Any CPU.Build.0 = Debug|Any CPU
		{CB0B8042-2E0A-4333-8EB5-8A55142A8BF8}.Release|Any CPU.ActiveCfg = Release|Any CPU
		{CB0B8042-2E0A-4333-8EB5-8A55142A8BF8}.Release|Any CPU.Build.0 = Release|Any CPU
		{F5A6E0D9-EBF2-4797-91DC-F8C1A785ACEE}.Debug|Any CPU.ActiveCfg = Debug|Any CPU
		{F5A6E0D9-EBF2-4797-91DC-F8C1A785ACEE}.Debug|Any CPU.Build.0 = Debug|Any CPU
		{F5A6E0D9-EBF2-4797-91DC-F8C1A785ACEE}.Release|Any CPU.ActiveCfg = Release|Any CPU
		{F5A6E0D9-EBF2-4797-91DC-F8C1A785ACEE}.Release|Any CPU.Build.0 = Release|Any CPU
		{CD9FF7DC-C887-4EB3-B159-62BCB8CD6BAA}.Debug|Any CPU.ActiveCfg = Debug|Any CPU
		{CD9FF7DC-C887-4EB3-B159-62BCB8CD6BAA}.Debug|Any CPU.Build.0 = Debug|Any CPU
		{CD9FF7DC-C887-4EB3-B159-62BCB8CD6BAA}.Release|Any CPU.ActiveCfg = Release|Any CPU
		{CD9FF7DC-C887-4EB3-B159-62BCB8CD6BAA}.Release|Any CPU.Build.0 = Release|Any CPU
	EndGlobalSection
EndGlobal
